
Microsoft Visual Studio Solution File, Format Version 12.00
# Visual Studio Version 16
VisualStudioVersion = 16.0.31005.135
MinimumVisualStudioVersion = 10.0.40219.1
Project("{FAE04EC0-301F-11D3-BF4B-00C04F79EFBC}") = "SIMS-16", "SIMS-16\SIMS-16.csproj", "{8CFBC114-7A71-4259-BE50-49C52E0B9DDF}"
EndProject
Global
	GlobalSection(SolutionConfigurationPlatforms) = preSolution
		Debug|Any CPU = Debug|Any CPU
		Release|Any CPU = Release|Any CPU
	EndGlobalSection
	GlobalSection(ProjectConfigurationPlatforms) = postSolution
		{8CFBC114-7A71-4259-BE50-49C52E0B9DDF}.Debug|Any CPU.ActiveCfg = Debug|Any CPU
		{8CFBC114-7A71-4259-BE50-49C52E0B9DDF}.Debug|Any CPU.Build.0 = Debug|Any CPU
		{8CFBC114-7A71-4259-BE50-49C52E0B9DDF}.Release|Any CPU.ActiveCfg = Release|Any CPU
		{8CFBC114-7A71-4259-BE50-49C52E0B9DDF}.Release|Any CPU.Build.0 = Release|Any CPU
	EndGlobalSection
	GlobalSection(SolutionProperties) = preSolution
		HideSolutionNode = FALSE
	EndGlobalSection
	GlobalSection(ExtensibilityGlobals) = postSolution
		SolutionGuid = {4D99C6B9-BCFE-494C-9694-89B1ED588E60}
	EndGlobalSection
EndGlobal
